// !$*UTF8*$!
{
	archiveVersion = 1;
	classes = {
	};
	objectVersion = 46;
	objects = {

/* Begin PBXBuildFile section */
		2D5B78D3CB8C2EE231092B2C /* Pods_Dressez.framework in Frameworks */ = {isa = PBXBuildFile; fileRef = D5A26A94F571583135240004 /* Pods_Dressez.framework */; };
		86DFC99E1EB3CA3C00A9D4D0 /* AppDelegate.swift in Sources */ = {isa = PBXBuildFile; fileRef = 86DFC99D1EB3CA3C00A9D4D0 /* AppDelegate.swift */; };
		86DFC9A51EB3CA3C00A9D4D0 /* Assets.xcassets in Resources */ = {isa = PBXBuildFile; fileRef = 86DFC9A41EB3CA3C00A9D4D0 /* Assets.xcassets */; };
		86DFC9B01EB3CC9100A9D4D0 /* HomeScreenModel.swift in Sources */ = {isa = PBXBuildFile; fileRef = 86DFC9AF1EB3CC9100A9D4D0 /* HomeScreenModel.swift */; };
		86DFC9B31EB3D1A900A9D4D0 /* HomeScreenPresenter.swift in Sources */ = {isa = PBXBuildFile; fileRef = 86DFC9B21EB3D1A900A9D4D0 /* HomeScreenPresenter.swift */; };
		86DFC9BB1EB3D6B600A9D4D0 /* PersistanceService.swift in Sources */ = {isa = PBXBuildFile; fileRef = 86DFC9BA1EB3D6B600A9D4D0 /* PersistanceService.swift */; };
		86DFC9BD1EB3D8E700A9D4D0 /* NetworkingService.swift in Sources */ = {isa = PBXBuildFile; fileRef = 86DFC9BC1EB3D8E700A9D4D0 /* NetworkingService.swift */; };
		86E626381EB3E3F1003D2E51 /* HomeScreenController.xib in Resources */ = {isa = PBXBuildFile; fileRef = 86E626371EB3E3F1003D2E51 /* HomeScreenController.xib */; };
		86E6263A1EB3E401003D2E51 /* HomeScreenController.swift in Sources */ = {isa = PBXBuildFile; fileRef = 86E626391EB3E401003D2E51 /* HomeScreenController.swift */; };
		86E6263C1EB3E46E003D2E51 /* WeatherResponse.swift in Sources */ = {isa = PBXBuildFile; fileRef = 86E6263B1EB3E46E003D2E51 /* WeatherResponse.swift */; };
		86E6263E1EB4CC91003D2E51 /* NavigationService.swift in Sources */ = {isa = PBXBuildFile; fileRef = 86E6263D1EB4CC91003D2E51 /* NavigationService.swift */; };
		86E626401EB4CD08003D2E51 /* TabBarController.swift in Sources */ = {isa = PBXBuildFile; fileRef = 86E6263F1EB4CD08003D2E51 /* TabBarController.swift */; };
		86E626421EB4CD60003D2E51 /* NavigationController.swift in Sources */ = {isa = PBXBuildFile; fileRef = 86E626411EB4CD60003D2E51 /* NavigationController.swift */; };
		86E626461EB4D00C003D2E51 /* ClosetScreenController.swift in Sources */ = {isa = PBXBuildFile; fileRef = 86E626441EB4D00C003D2E51 /* ClosetScreenController.swift */; };
		86E626471EB4D00C003D2E51 /* ClosetScreenController.xib in Resources */ = {isa = PBXBuildFile; fileRef = 86E626451EB4D00C003D2E51 /* ClosetScreenController.xib */; };
		86E626491EB4D019003D2E51 /* ClosetScreenModel.swift in Sources */ = {isa = PBXBuildFile; fileRef = 86E626481EB4D019003D2E51 /* ClosetScreenModel.swift */; };
		86E6264B1EB4D022003D2E51 /* ClosetScreenPresenter.swift in Sources */ = {isa = PBXBuildFile; fileRef = 86E6264A1EB4D022003D2E51 /* ClosetScreenPresenter.swift */; };
		86E626551EB4E222003D2E51 /* RequestError.swift in Sources */ = {isa = PBXBuildFile; fileRef = 86E626541EB4E222003D2E51 /* RequestError.swift */; };
		86E626591EB4E873003D2E51 /* BaseViewModel.swift in Sources */ = {isa = PBXBuildFile; fileRef = 86E626561EB4E873003D2E51 /* BaseViewModel.swift */; };
		86E6265A1EB4E873003D2E51 /* BaseViewController.swift in Sources */ = {isa = PBXBuildFile; fileRef = 86E626571EB4E873003D2E51 /* BaseViewController.swift */; };
		86E6265B1EB4E873003D2E51 /* BasePresenter.swift in Sources */ = {isa = PBXBuildFile; fileRef = 86E626581EB4E873003D2E51 /* BasePresenter.swift */; };
		BC62790A1EB50CD500F39BB9 /* ClothingItem.swift in Sources */ = {isa = PBXBuildFile; fileRef = BC6279031EB50CD500F39BB9 /* ClothingItem.swift */; };
		BC62790B1EB50CD500F39BB9 /* ImageService.swift in Sources */ = {isa = PBXBuildFile; fileRef = BC6279041EB50CD500F39BB9 /* ImageService.swift */; };
		BC62790C1EB50CD500F39BB9 /* ItemColor.swift in Sources */ = {isa = PBXBuildFile; fileRef = BC6279051EB50CD500F39BB9 /* ItemColor.swift */; };
		BC62790D1EB50CD500F39BB9 /* ItemType.swift in Sources */ = {isa = PBXBuildFile; fileRef = BC6279061EB50CD500F39BB9 /* ItemType.swift */; };
		BC62790E1EB50CD500F39BB9 /* Model.xcdatamodeld in Sources */ = {isa = PBXBuildFile; fileRef = BC6279071EB50CD500F39BB9 /* Model.xcdatamodeld */; };
		BC62790F1EB50CD500F39BB9 /* NSManagedObjectContext+Utilities.swift in Sources */ = {isa = PBXBuildFile; fileRef = BC6279091EB50CD500F39BB9 /* NSManagedObjectContext+Utilities.swift */; };
/* End PBXBuildFile section */

/* Begin PBXFileReference section */
		0F4782790492EF2861199AE7 /* Pods-Dressez.release.xcconfig */ = {isa = PBXFileReference; includeInIndex = 1; lastKnownFileType = text.xcconfig; name = "Pods-Dressez.release.xcconfig"; path = "Pods/Target Support Files/Pods-Dressez/Pods-Dressez.release.xcconfig"; sourceTree = "<group>"; };
		86DFC99A1EB3CA3C00A9D4D0 /* Dressez.app */ = {isa = PBXFileReference; explicitFileType = wrapper.application; includeInIndex = 0; path = Dressez.app; sourceTree = BUILT_PRODUCTS_DIR; };
		86DFC99D1EB3CA3C00A9D4D0 /* AppDelegate.swift */ = {isa = PBXFileReference; lastKnownFileType = sourcecode.swift; path = AppDelegate.swift; sourceTree = "<group>"; };
		86DFC9A41EB3CA3C00A9D4D0 /* Assets.xcassets */ = {isa = PBXFileReference; lastKnownFileType = folder.assetcatalog; path = Assets.xcassets; sourceTree = "<group>"; };
		86DFC9A91EB3CA3C00A9D4D0 /* Info.plist */ = {isa = PBXFileReference; lastKnownFileType = text.plist.xml; path = Info.plist; sourceTree = "<group>"; };
		86DFC9AF1EB3CC9100A9D4D0 /* HomeScreenModel.swift */ = {isa = PBXFileReference; fileEncoding = 4; lastKnownFileType = sourcecode.swift; lineEnding = 0; path = HomeScreenModel.swift; sourceTree = "<group>"; xcLanguageSpecificationIdentifier = xcode.lang.swift; };
		86DFC9B21EB3D1A900A9D4D0 /* HomeScreenPresenter.swift */ = {isa = PBXFileReference; fileEncoding = 4; lastKnownFileType = sourcecode.swift; path = HomeScreenPresenter.swift; sourceTree = "<group>"; };
		86DFC9BA1EB3D6B600A9D4D0 /* PersistanceService.swift */ = {isa = PBXFileReference; fileEncoding = 4; lastKnownFileType = sourcecode.swift; path = PersistanceService.swift; sourceTree = "<group>"; };
		86DFC9BC1EB3D8E700A9D4D0 /* NetworkingService.swift */ = {isa = PBXFileReference; fileEncoding = 4; lastKnownFileType = sourcecode.swift; path = NetworkingService.swift; sourceTree = "<group>"; };
		86E626371EB3E3F1003D2E51 /* HomeScreenController.xib */ = {isa = PBXFileReference; fileEncoding = 4; lastKnownFileType = file.xib; path = HomeScreenController.xib; sourceTree = "<group>"; };
		86E626391EB3E401003D2E51 /* HomeScreenController.swift */ = {isa = PBXFileReference; fileEncoding = 4; lastKnownFileType = sourcecode.swift; lineEnding = 0; path = HomeScreenController.swift; sourceTree = "<group>"; xcLanguageSpecificationIdentifier = xcode.lang.swift; };
		86E6263B1EB3E46E003D2E51 /* WeatherResponse.swift */ = {isa = PBXFileReference; fileEncoding = 4; lastKnownFileType = sourcecode.swift; path = WeatherResponse.swift; sourceTree = "<group>"; };
		86E6263D1EB4CC91003D2E51 /* NavigationService.swift */ = {isa = PBXFileReference; fileEncoding = 4; lastKnownFileType = sourcecode.swift; lineEnding = 0; path = NavigationService.swift; sourceTree = "<group>"; xcLanguageSpecificationIdentifier = xcode.lang.swift; };
		86E6263F1EB4CD08003D2E51 /* TabBarController.swift */ = {isa = PBXFileReference; fileEncoding = 4; lastKnownFileType = sourcecode.swift; path = TabBarController.swift; sourceTree = "<group>"; };
		86E626411EB4CD60003D2E51 /* NavigationController.swift */ = {isa = PBXFileReference; fileEncoding = 4; lastKnownFileType = sourcecode.swift; path = NavigationController.swift; sourceTree = "<group>"; };
		86E626441EB4D00C003D2E51 /* ClosetScreenController.swift */ = {isa = PBXFileReference; fileEncoding = 4; lastKnownFileType = sourcecode.swift; lineEnding = 0; path = ClosetScreenController.swift; sourceTree = "<group>"; xcLanguageSpecificationIdentifier = xcode.lang.swift; };
		86E626451EB4D00C003D2E51 /* ClosetScreenController.xib */ = {isa = PBXFileReference; fileEncoding = 4; lastKnownFileType = file.xib; path = ClosetScreenController.xib; sourceTree = "<group>"; };
		86E626481EB4D019003D2E51 /* ClosetScreenModel.swift */ = {isa = PBXFileReference; fileEncoding = 4; lastKnownFileType = sourcecode.swift; path = ClosetScreenModel.swift; sourceTree = "<group>"; };
		86E6264A1EB4D022003D2E51 /* ClosetScreenPresenter.swift */ = {isa = PBXFileReference; fileEncoding = 4; lastKnownFileType = sourcecode.swift; path = ClosetScreenPresenter.swift; sourceTree = "<group>"; };
		86E626541EB4E222003D2E51 /* RequestError.swift */ = {isa = PBXFileReference; fileEncoding = 4; lastKnownFileType = sourcecode.swift; path = RequestError.swift; sourceTree = "<group>"; };
		86E626561EB4E873003D2E51 /* BaseViewModel.swift */ = {isa = PBXFileReference; fileEncoding = 4; lastKnownFileType = sourcecode.swift; path = BaseViewModel.swift; sourceTree = "<group>"; };
		86E626571EB4E873003D2E51 /* BaseViewController.swift */ = {isa = PBXFileReference; fileEncoding = 4; lastKnownFileType = sourcecode.swift; path = BaseViewController.swift; sourceTree = "<group>"; };
		86E626581EB4E873003D2E51 /* BasePresenter.swift */ = {isa = PBXFileReference; fileEncoding = 4; lastKnownFileType = sourcecode.swift; path = BasePresenter.swift; sourceTree = "<group>"; };
		BC6279031EB50CD500F39BB9 /* ClothingItem.swift */ = {isa = PBXFileReference; fileEncoding = 4; lastKnownFileType = sourcecode.swift; path = ClothingItem.swift; sourceTree = "<group>"; };
		BC6279041EB50CD500F39BB9 /* ImageService.swift */ = {isa = PBXFileReference; fileEncoding = 4; lastKnownFileType = sourcecode.swift; path = ImageService.swift; sourceTree = "<group>"; };
		BC6279051EB50CD500F39BB9 /* ItemColor.swift */ = {isa = PBXFileReference; fileEncoding = 4; lastKnownFileType = sourcecode.swift; path = ItemColor.swift; sourceTree = "<group>"; };
		BC6279061EB50CD500F39BB9 /* ItemType.swift */ = {isa = PBXFileReference; fileEncoding = 4; lastKnownFileType = sourcecode.swift; path = ItemType.swift; sourceTree = "<group>"; };
		BC6279081EB50CD500F39BB9 /* Model.xcdatamodel */ = {isa = PBXFileReference; lastKnownFileType = wrapper.xcdatamodel; path = Model.xcdatamodel; sourceTree = "<group>"; };
		BC6279091EB50CD500F39BB9 /* NSManagedObjectContext+Utilities.swift */ = {isa = PBXFileReference; fileEncoding = 4; lastKnownFileType = sourcecode.swift; path = "NSManagedObjectContext+Utilities.swift"; sourceTree = "<group>"; };
		D5A26A94F571583135240004 /* Pods_Dressez.framework */ = {isa = PBXFileReference; explicitFileType = wrapper.framework; includeInIndex = 0; path = Pods_Dressez.framework; sourceTree = BUILT_PRODUCTS_DIR; };
		E7B37116CE981F6C8EB4C4C4 /* Pods-Dressez.debug.xcconfig */ = {isa = PBXFileReference; includeInIndex = 1; lastKnownFileType = text.xcconfig; name = "Pods-Dressez.debug.xcconfig"; path = "Pods/Target Support Files/Pods-Dressez/Pods-Dressez.debug.xcconfig"; sourceTree = "<group>"; };
/* End PBXFileReference section */

/* Begin PBXFrameworksBuildPhase section */
		86DFC9971EB3CA3C00A9D4D0 /* Frameworks */ = {
			isa = PBXFrameworksBuildPhase;
			buildActionMask = 2147483647;
			files = (
				2D5B78D3CB8C2EE231092B2C /* Pods_Dressez.framework in Frameworks */,
			);
			runOnlyForDeploymentPostprocessing = 0;
		};
/* End PBXFrameworksBuildPhase section */

/* Begin PBXGroup section */
		4F39FCFAA2F1892379B4EC27 /* Frameworks */ = {
			isa = PBXGroup;
			children = (
				D5A26A94F571583135240004 /* Pods_Dressez.framework */,
			);
			name = Frameworks;
			sourceTree = "<group>";
		};
		66F47744F16BE5ED55C68727 /* Pods */ = {
			isa = PBXGroup;
			children = (
				E7B37116CE981F6C8EB4C4C4 /* Pods-Dressez.debug.xcconfig */,
				0F4782790492EF2861199AE7 /* Pods-Dressez.release.xcconfig */,
			);
			name = Pods;
			sourceTree = "<group>";
		};
		86DFC9911EB3CA3C00A9D4D0 = {
			isa = PBXGroup;
			children = (
				86DFC99C1EB3CA3C00A9D4D0 /* Dressez */,
				86DFC99B1EB3CA3C00A9D4D0 /* Products */,
				66F47744F16BE5ED55C68727 /* Pods */,
				4F39FCFAA2F1892379B4EC27 /* Frameworks */,
			);
			sourceTree = "<group>";
		};
		86DFC99B1EB3CA3C00A9D4D0 /* Products */ = {
			isa = PBXGroup;
			children = (
				86DFC99A1EB3CA3C00A9D4D0 /* Dressez.app */,
			);
			name = Products;
			sourceTree = "<group>";
		};
		86DFC99C1EB3CA3C00A9D4D0 /* Dressez */ = {
			isa = PBXGroup;
			children = (
				BC6279101EB50CDA00F39BB9 /* Model */,
				BC6279111EB50CE500F39BB9 /* Utilities */,
				86DFC99D1EB3CA3C00A9D4D0 /* AppDelegate.swift */,
				86E6263B1EB3E46E003D2E51 /* WeatherResponse.swift */,
				86DFC9A91EB3CA3C00A9D4D0 /* Info.plist */,
				86E626541EB4E222003D2E51 /* RequestError.swift */,
				86E6265C1EB4E879003D2E51 /* BaseClasses */,
				86DFC9A41EB3CA3C00A9D4D0 /* Assets.xcassets */,
				86E6264C1EB4D029003D2E51 /* ClosetScreen */,
				86DFC9B11EB3CC9600A9D4D0 /* HomeScreen */,
				BC1C134A1EB4BD1B008880B6 /* Services */,
				86E626431EB4CD84003D2E51 /* TopControllers */,
			);
			path = Dressez;
			sourceTree = "<group>";
		};
		86DFC9B11EB3CC9600A9D4D0 /* HomeScreen */ = {
			isa = PBXGroup;
			children = (
				86DFC9AF1EB3CC9100A9D4D0 /* HomeScreenModel.swift */,
				86E626391EB3E401003D2E51 /* HomeScreenController.swift */,
				86DFC9B21EB3D1A900A9D4D0 /* HomeScreenPresenter.swift */,
				86E626371EB3E3F1003D2E51 /* HomeScreenController.xib */,
			);
			name = HomeScreen;
			sourceTree = "<group>";
		};
		86E626431EB4CD84003D2E51 /* TopControllers */ = {
			isa = PBXGroup;
			children = (
				86E6263F1EB4CD08003D2E51 /* TabBarController.swift */,
				86E626411EB4CD60003D2E51 /* NavigationController.swift */,
			);
			name = TopControllers;
			sourceTree = "<group>";
		};
		86E6264C1EB4D029003D2E51 /* ClosetScreen */ = {
			isa = PBXGroup;
			children = (
				86E626481EB4D019003D2E51 /* ClosetScreenModel.swift */,
				86E626441EB4D00C003D2E51 /* ClosetScreenController.swift */,
				86E6264A1EB4D022003D2E51 /* ClosetScreenPresenter.swift */,
				86E626451EB4D00C003D2E51 /* ClosetScreenController.xib */,
			);
			name = ClosetScreen;
			sourceTree = "<group>";
		};
		86E6265C1EB4E879003D2E51 /* BaseClasses */ = {
			isa = PBXGroup;
			children = (
				86E626561EB4E873003D2E51 /* BaseViewModel.swift */,
				86E626571EB4E873003D2E51 /* BaseViewController.swift */,
				86E626581EB4E873003D2E51 /* BasePresenter.swift */,
			);
			name = BaseClasses;
			sourceTree = "<group>";
		};
		BC1C134A1EB4BD1B008880B6 /* Services */ = {
			isa = PBXGroup;
			children = (
				BC6279041EB50CD500F39BB9 /* ImageService.swift */,
				86DFC9BA1EB3D6B600A9D4D0 /* PersistanceService.swift */,
				86DFC9BC1EB3D8E700A9D4D0 /* NetworkingService.swift */,
				86E6263D1EB4CC91003D2E51 /* NavigationService.swift */,
			);
			name = Services;
			sourceTree = "<group>";
		};
		BC6279101EB50CDA00F39BB9 /* Model */ = {
			isa = PBXGroup;
			children = (
				BC6279031EB50CD500F39BB9 /* ClothingItem.swift */,
				BC6279051EB50CD500F39BB9 /* ItemColor.swift */,
				BC6279061EB50CD500F39BB9 /* ItemType.swift */,
				BC6279071EB50CD500F39BB9 /* Model.xcdatamodeld */,
			);
			name = Model;
			sourceTree = "<group>";
		};
		BC6279111EB50CE500F39BB9 /* Utilities */ = {
			isa = PBXGroup;
			children = (
				BC6279091EB50CD500F39BB9 /* NSManagedObjectContext+Utilities.swift */,
			);
			name = Utilities;
			sourceTree = "<group>";
		};
/* End PBXGroup section */

/* Begin PBXNativeTarget section */
		86DFC9991EB3CA3C00A9D4D0 /* Dressez */ = {
			isa = PBXNativeTarget;
			buildConfigurationList = 86DFC9AC1EB3CA3C00A9D4D0 /* Build configuration list for PBXNativeTarget "Dressez" */;
			buildPhases = (
				F803037C990BB2C1B62E8440 /* [CP] Check Pods Manifest.lock */,
				86DFC9961EB3CA3C00A9D4D0 /* Sources */,
				86DFC9971EB3CA3C00A9D4D0 /* Frameworks */,
				86DFC9981EB3CA3C00A9D4D0 /* Resources */,
				86B5018C613DE2B2E6BF11F2 /* [CP] Embed Pods Frameworks */,
				18EFE0FF82BCB0E3B37698E5 /* [CP] Copy Pods Resources */,
			);
			buildRules = (
			);
			dependencies = (
			);
			name = Dressez;
			productName = Dressez;
			productReference = 86DFC99A1EB3CA3C00A9D4D0 /* Dressez.app */;
			productType = "com.apple.product-type.application";
		};
/* End PBXNativeTarget section */

/* Begin PBXProject section */
		86DFC9921EB3CA3C00A9D4D0 /* Project object */ = {
			isa = PBXProject;
			attributes = {
				LastSwiftUpdateCheck = 0820;
				LastUpgradeCheck = 0820;
				ORGANIZATIONNAME = "Dora Stipković";
				TargetAttributes = {
					86DFC9991EB3CA3C00A9D4D0 = {
						CreatedOnToolsVersion = 8.2.1;
						ProvisioningStyle = Automatic;
					};
				};
			};
			buildConfigurationList = 86DFC9951EB3CA3C00A9D4D0 /* Build configuration list for PBXProject "Dressez" */;
			compatibilityVersion = "Xcode 3.2";
			developmentRegion = English;
			hasScannedForEncodings = 0;
			knownRegions = (
				en,
				Base,
			);
			mainGroup = 86DFC9911EB3CA3C00A9D4D0;
			productRefGroup = 86DFC99B1EB3CA3C00A9D4D0 /* Products */;
			projectDirPath = "";
			projectRoot = "";
			targets = (
				86DFC9991EB3CA3C00A9D4D0 /* Dressez */,
			);
		};
/* End PBXProject section */

/* Begin PBXResourcesBuildPhase section */
		86DFC9981EB3CA3C00A9D4D0 /* Resources */ = {
			isa = PBXResourcesBuildPhase;
			buildActionMask = 2147483647;
			files = (
				86E626381EB3E3F1003D2E51 /* HomeScreenController.xib in Resources */,
				86E626471EB4D00C003D2E51 /* ClosetScreenController.xib in Resources */,
				86DFC9A51EB3CA3C00A9D4D0 /* Assets.xcassets in Resources */,
			);
			runOnlyForDeploymentPostprocessing = 0;
		};
/* End PBXResourcesBuildPhase section */

/* Begin PBXShellScriptBuildPhase section */
		18EFE0FF82BCB0E3B37698E5 /* [CP] Copy Pods Resources */ = {
			isa = PBXShellScriptBuildPhase;
			buildActionMask = 2147483647;
			files = (
			);
			inputPaths = (
			);
			name = "[CP] Copy Pods Resources";
			outputPaths = (
			);
			runOnlyForDeploymentPostprocessing = 0;
			shellPath = /bin/sh;
			shellScript = "\"${SRCROOT}/Pods/Target Support Files/Pods-Dressez/Pods-Dressez-resources.sh\"\n";
			showEnvVarsInLog = 0;
		};
		86B5018C613DE2B2E6BF11F2 /* [CP] Embed Pods Frameworks */ = {
			isa = PBXShellScriptBuildPhase;
			buildActionMask = 2147483647;
			files = (
			);
			inputPaths = (
			);
			name = "[CP] Embed Pods Frameworks";
			outputPaths = (
			);
			runOnlyForDeploymentPostprocessing = 0;
			shellPath = /bin/sh;
			shellScript = "\"${SRCROOT}/Pods/Target Support Files/Pods-Dressez/Pods-Dressez-frameworks.sh\"\n";
			showEnvVarsInLog = 0;
		};
		F803037C990BB2C1B62E8440 /* [CP] Check Pods Manifest.lock */ = {
			isa = PBXShellScriptBuildPhase;
			buildActionMask = 2147483647;
			files = (
			);
			inputPaths = (
			);
			name = "[CP] Check Pods Manifest.lock";
			outputPaths = (
			);
			runOnlyForDeploymentPostprocessing = 0;
			shellPath = /bin/sh;
			shellScript = "diff \"${PODS_PODFILE_DIR_PATH}/Podfile.lock\" \"${PODS_ROOT}/Manifest.lock\" > /dev/null\nif [ $? != 0 ] ; then\n    # print error to STDERR\n    echo \"error: The sandbox is not in sync with the Podfile.lock. Run 'pod install' or update your CocoaPods installation.\" >&2\n    exit 1\nfi\n";
			showEnvVarsInLog = 0;
		};
/* End PBXShellScriptBuildPhase section */

/* Begin PBXSourcesBuildPhase section */
		86DFC9961EB3CA3C00A9D4D0 /* Sources */ = {
			isa = PBXSourcesBuildPhase;
			buildActionMask = 2147483647;
			files = (
				86DFC9B31EB3D1A900A9D4D0 /* HomeScreenPresenter.swift in Sources */,
				86DFC99E1EB3CA3C00A9D4D0 /* AppDelegate.swift in Sources */,
				86E6263A1EB3E401003D2E51 /* HomeScreenController.swift in Sources */,
				86E626401EB4CD08003D2E51 /* TabBarController.swift in Sources */,
				86E6263E1EB4CC91003D2E51 /* NavigationService.swift in Sources */,
				BC62790B1EB50CD500F39BB9 /* ImageService.swift in Sources */,
				86E6263C1EB3E46E003D2E51 /* WeatherResponse.swift in Sources */,
				86DFC9BD1EB3D8E700A9D4D0 /* NetworkingService.swift in Sources */,
				86E626421EB4CD60003D2E51 /* NavigationController.swift in Sources */,
				BC62790E1EB50CD500F39BB9 /* Model.xcdatamodeld in Sources */,
				86DFC9B01EB3CC9100A9D4D0 /* HomeScreenModel.swift in Sources */,
				86E626461EB4D00C003D2E51 /* ClosetScreenController.swift in Sources */,
				86DFC9BB1EB3D6B600A9D4D0 /* PersistanceService.swift in Sources */,
				BC62790F1EB50CD500F39BB9 /* NSManagedObjectContext+Utilities.swift in Sources */,
				86E626591EB4E873003D2E51 /* BaseViewModel.swift in Sources */,
				BC62790A1EB50CD500F39BB9 /* ClothingItem.swift in Sources */,
				BC62790D1EB50CD500F39BB9 /* ItemType.swift in Sources */,
				86E6264B1EB4D022003D2E51 /* ClosetScreenPresenter.swift in Sources */,
				86E6265B1EB4E873003D2E51 /* BasePresenter.swift in Sources */,
				BC62790C1EB50CD500F39BB9 /* ItemColor.swift in Sources */,
				86E6265A1EB4E873003D2E51 /* BaseViewController.swift in Sources */,
				86E626551EB4E222003D2E51 /* RequestError.swift in Sources */,
				86E626491EB4D019003D2E51 /* ClosetScreenModel.swift in Sources */,
			);
			runOnlyForDeploymentPostprocessing = 0;
		};
/* End PBXSourcesBuildPhase section */

/* Begin XCBuildConfiguration section */
		86DFC9AA1EB3CA3C00A9D4D0 /* Debug */ = {
			isa = XCBuildConfiguration;
			buildSettings = {
				ALWAYS_SEARCH_USER_PATHS = NO;
				CLANG_ANALYZER_NONNULL = YES;
				CLANG_CXX_LANGUAGE_STANDARD = "gnu++0x";
				CLANG_CXX_LIBRARY = "libc++";
				CLANG_ENABLE_MODULES = YES;
				CLANG_ENABLE_OBJC_ARC = YES;
				CLANG_WARN_BOOL_CONVERSION = YES;
				CLANG_WARN_CONSTANT_CONVERSION = YES;
				CLANG_WARN_DIRECT_OBJC_ISA_USAGE = YES_ERROR;
				CLANG_WARN_DOCUMENTATION_COMMENTS = YES;
				CLANG_WARN_EMPTY_BODY = YES;
				CLANG_WARN_ENUM_CONVERSION = YES;
				CLANG_WARN_INFINITE_RECURSION = YES;
				CLANG_WARN_INT_CONVERSION = YES;
				CLANG_WARN_OBJC_ROOT_CLASS = YES_ERROR;
				CLANG_WARN_SUSPICIOUS_MOVE = YES;
				CLANG_WARN_UNREACHABLE_CODE = YES;
				CLANG_WARN__DUPLICATE_METHOD_MATCH = YES;
				"CODE_SIGN_IDENTITY[sdk=iphoneos*]" = "iPhone Developer";
				COPY_PHASE_STRIP = NO;
				DEBUG_INFORMATION_FORMAT = dwarf;
				ENABLE_STRICT_OBJC_MSGSEND = YES;
				ENABLE_TESTABILITY = YES;
				GCC_C_LANGUAGE_STANDARD = gnu99;
				GCC_DYNAMIC_NO_PIC = NO;
				GCC_NO_COMMON_BLOCKS = YES;
				GCC_OPTIMIZATION_LEVEL = 0;
				GCC_PREPROCESSOR_DEFINITIONS = (
					"DEBUG=1",
					"$(inherited)",
				);
				GCC_WARN_64_TO_32_BIT_CONVERSION = YES;
				GCC_WARN_ABOUT_RETURN_TYPE = YES_ERROR;
				GCC_WARN_UNDECLARED_SELECTOR = YES;
				GCC_WARN_UNINITIALIZED_AUTOS = YES_AGGRESSIVE;
				GCC_WARN_UNUSED_FUNCTION = YES;
				GCC_WARN_UNUSED_VARIABLE = YES;
				IPHONEOS_DEPLOYMENT_TARGET = 10.2;
				MTL_ENABLE_DEBUG_INFO = YES;
				ONLY_ACTIVE_ARCH = YES;
				SDKROOT = iphoneos;
				SWIFT_ACTIVE_COMPILATION_CONDITIONS = DEBUG;
				SWIFT_OPTIMIZATION_LEVEL = "-Onone";
				TARGETED_DEVICE_FAMILY = "1,2";
			};
			name = Debug;
		};
		86DFC9AB1EB3CA3C00A9D4D0 /* Release */ = {
			isa = XCBuildConfiguration;
			buildSettings = {
				ALWAYS_SEARCH_USER_PATHS = NO;
				CLANG_ANALYZER_NONNULL = YES;
				CLANG_CXX_LANGUAGE_STANDARD = "gnu++0x";
				CLANG_CXX_LIBRARY = "libc++";
				CLANG_ENABLE_MODULES = YES;
				CLANG_ENABLE_OBJC_ARC = YES;
				CLANG_WARN_BOOL_CONVERSION = YES;
				CLANG_WARN_CONSTANT_CONVERSION = YES;
				CLANG_WARN_DIRECT_OBJC_ISA_USAGE = YES_ERROR;
				CLANG_WARN_DOCUMENTATION_COMMENTS = YES;
				CLANG_WARN_EMPTY_BODY = YES;
				CLANG_WARN_ENUM_CONVERSION = YES;
				CLANG_WARN_INFINITE_RECURSION = YES;
				CLANG_WARN_INT_CONVERSION = YES;
				CLANG_WARN_OBJC_ROOT_CLASS = YES_ERROR;
				CLANG_WARN_SUSPICIOUS_MOVE = YES;
				CLANG_WARN_UNREACHABLE_CODE = YES;
				CLANG_WARN__DUPLICATE_METHOD_MATCH = YES;
				"CODE_SIGN_IDENTITY[sdk=iphoneos*]" = "iPhone Developer";
				COPY_PHASE_STRIP = NO;
				DEBUG_INFORMATION_FORMAT = "dwarf-with-dsym";
				ENABLE_NS_ASSERTIONS = NO;
				ENABLE_STRICT_OBJC_MSGSEND = YES;
				GCC_C_LANGUAGE_STANDARD = gnu99;
				GCC_NO_COMMON_BLOCKS = YES;
				GCC_WARN_64_TO_32_BIT_CONVERSION = YES;
				GCC_WARN_ABOUT_RETURN_TYPE = YES_ERROR;
				GCC_WARN_UNDECLARED_SELECTOR = YES;
				GCC_WARN_UNINITIALIZED_AUTOS = YES_AGGRESSIVE;
				GCC_WARN_UNUSED_FUNCTION = YES;
				GCC_WARN_UNUSED_VARIABLE = YES;
				IPHONEOS_DEPLOYMENT_TARGET = 10.2;
				MTL_ENABLE_DEBUG_INFO = NO;
				SDKROOT = iphoneos;
				SWIFT_OPTIMIZATION_LEVEL = "-Owholemodule";
				TARGETED_DEVICE_FAMILY = "1,2";
				VALIDATE_PRODUCT = YES;
			};
			name = Release;
		};
		86DFC9AD1EB3CA3C00A9D4D0 /* Debug */ = {
			isa = XCBuildConfiguration;
			baseConfigurationReference = E7B37116CE981F6C8EB4C4C4 /* Pods-Dressez.debug.xcconfig */;
			buildSettings = {
				ASSETCATALOG_COMPILER_APPICON_NAME = AppIcon;
				INFOPLIST_FILE = Dressez/Info.plist;
				LD_RUNPATH_SEARCH_PATHS = "$(inherited) @executable_path/Frameworks";
				PRODUCT_BUNDLE_IDENTIFIER = hr.fer.stipkovic.dora.Dressez;
				PRODUCT_NAME = "$(TARGET_NAME)";
				SWIFT_VERSION = 3.0;
			};
			name = Debug;
		};
		86DFC9AE1EB3CA3C00A9D4D0 /* Release */ = {
			isa = XCBuildConfiguration;
			baseConfigurationReference = 0F4782790492EF2861199AE7 /* Pods-Dressez.release.xcconfig */;
			buildSettings = {
				ASSETCATALOG_COMPILER_APPICON_NAME = AppIcon;
				INFOPLIST_FILE = Dressez/Info.plist;
				LD_RUNPATH_SEARCH_PATHS = "$(inherited) @executable_path/Frameworks";
				PRODUCT_BUNDLE_IDENTIFIER = hr.fer.stipkovic.dora.Dressez;
				PRODUCT_NAME = "$(TARGET_NAME)";
				SWIFT_VERSION = 3.0;
			};
			name = Release;
		};
/* End XCBuildConfiguration section */

/* Begin XCConfigurationList section */
		86DFC9951EB3CA3C00A9D4D0 /* Build configuration list for PBXProject "Dressez" */ = {
			isa = XCConfigurationList;
			buildConfigurations = (
				86DFC9AA1EB3CA3C00A9D4D0 /* Debug */,
				86DFC9AB1EB3CA3C00A9D4D0 /* Release */,
			);
			defaultConfigurationIsVisible = 0;
			defaultConfigurationName = Release;
		};
		86DFC9AC1EB3CA3C00A9D4D0 /* Build configuration list for PBXNativeTarget "Dressez" */ = {
			isa = XCConfigurationList;
			buildConfigurations = (
				86DFC9AD1EB3CA3C00A9D4D0 /* Debug */,
				86DFC9AE1EB3CA3C00A9D4D0 /* Release */,
			);
			defaultConfigurationIsVisible = 0;
			defaultConfigurationName = Release;
		};
/* End XCConfigurationList section */

/* Begin XCVersionGroup section */
		BC6279071EB50CD500F39BB9 /* Model.xcdatamodeld */ = {
			isa = XCVersionGroup;
			children = (
				BC6279081EB50CD500F39BB9 /* Model.xcdatamodel */,
			);
			currentVersion = BC6279081EB50CD500F39BB9 /* Model.xcdatamodel */;
			path = Model.xcdatamodeld;
			sourceTree = "<group>";
			versionGroupType = wrapper.xcdatamodel;
		};
/* End XCVersionGroup section */
	};
	rootObject = 86DFC9921EB3CA3C00A9D4D0 /* Project object */;
}
